{
  "object": {
    "pins": [
      {
        "package": "SQLite.swift",
        "repositoryURL": "https://github.com/stephencelis/SQLite.swift.git",
        "state": {
          "branch": null,
          "revision": "210098546d59678f720e4ef67f8b562acfebbdb0",
          "version": "0.11.5"
        }
      },
      {
        "package": "SwiftSyntax",
        "repositoryURL": "https://github.com/apple/swift-syntax.git",
        "state": {
          "branch": "0.40200.0",
          "revision": "f20c0bcbfb4b07e107c9851350217cb2217f0cb4",
          "version": null
        }
      }
    ]
  },
  "version": 1
}
