{
  "object": {
    "pins": [
      {
        "package": "SQLite.swift",
        "repositoryURL": "https://github.com/stephencelis/SQLite.swift.git",
        "state": {
          "branch": null,
          "revision": "1d2eef2570c89dbfa221fc231a8af1148ea234a3",
          "version": "0.11.4"
        }
      }
    ]
  },
  "version": 1
}
